// !$*UTF8*$!
{
	archiveVersion = 1;
	classes = {
	};
	objectVersion = 55;
	objects = {

/* Begin PBXBuildFile section */
		083FDD3B282FA3B5004CF458 /* ButtonExtension.swift in Sources */ = {isa = PBXBuildFile; fileRef = 083FDD3A282FA3B5004CF458 /* ButtonExtension.swift */; };
		083FDD3E282FC754004CF458 /* Network.swift in Sources */ = {isa = PBXBuildFile; fileRef = 083FDD3D282FC754004CF458 /* Network.swift */; };
		0843DF88282EBA390092FFC6 /* TabbarVC.swift in Sources */ = {isa = PBXBuildFile; fileRef = 0843DF87282EBA390092FFC6 /* TabbarVC.swift */; };
		0843DF8E282EBB180092FFC6 /* SavedVC.swift in Sources */ = {isa = PBXBuildFile; fileRef = 0843DF8D282EBB180092FFC6 /* SavedVC.swift */; };
		0843DF90282EBB2B0092FFC6 /* SettingsVC.swift in Sources */ = {isa = PBXBuildFile; fileRef = 0843DF8F282EBB2B0092FFC6 /* SettingsVC.swift */; };
		0843DF96282ED36C0092FFC6 /* TranslateDM.swift in Sources */ = {isa = PBXBuildFile; fileRef = 0843DF95282ED36C0092FFC6 /* TranslateDM.swift */; };
		085D282C282F7348000EAFB0 /* RealmDM.swift in Sources */ = {isa = PBXBuildFile; fileRef = 085D282B282F7348000EAFB0 /* RealmDM.swift */; };
		085D283E282F7ED4000EAFB0 /* 103989-done.json in Resources */ = {isa = PBXBuildFile; fileRef = 085D283D282F7ED4000EAFB0 /* 103989-done.json */; };
		085D2841282F81BA000EAFB0 /* 87669-delete-animation.json in Resources */ = {isa = PBXBuildFile; fileRef = 085D283F282F81BA000EAFB0 /* 87669-delete-animation.json */; };
		085D2842282F81BA000EAFB0 /* delete.json in Resources */ = {isa = PBXBuildFile; fileRef = 085D2840282F81BA000EAFB0 /* delete.json */; };
		085D2845282F83CD000EAFB0 /* cooming soon.json in Resources */ = {isa = PBXBuildFile; fileRef = 085D2843282F83CD000EAFB0 /* cooming soon.json */; };
		085D2846282F83CD000EAFB0 /* 98599-settings.json in Resources */ = {isa = PBXBuildFile; fileRef = 085D2844282F83CD000EAFB0 /* 98599-settings.json */; };
		08A62D6C282EDDF5007174B6 /* TVC.swift in Sources */ = {isa = PBXBuildFile; fileRef = 08A62D6B282EDDF5007174B6 /* TVC.swift */; };
		08CC2E7B282D6D31002E163E /* AppDelegate.swift in Sources */ = {isa = PBXBuildFile; fileRef = 08CC2E7A282D6D31002E163E /* AppDelegate.swift */; };
		08CC2E87282D6D32002E163E /* Assets.xcassets in Resources */ = {isa = PBXBuildFile; fileRef = 08CC2E86282D6D32002E163E /* Assets.xcassets */; };
		08CC2E8A282D6D32002E163E /* LaunchScreen.storyboard in Resources */ = {isa = PBXBuildFile; fileRef = 08CC2E88282D6D32002E163E /* LaunchScreen.storyboard */; };
		08CC2E92282D7A81002E163E /* HomePage.swift in Sources */ = {isa = PBXBuildFile; fileRef = 08CC2E91282D7A81002E163E /* HomePage.swift */; };
		702FD683F43EC4C5D7DF771C /* Pods_google_drFT.framework in Frameworks */ = {isa = PBXBuildFile; fileRef = 7192A40E3E9A163FC4F3786B /* Pods_google_drFT.framework */; };
/* End PBXBuildFile section */

/* Begin PBXFileReference section */
		083FDD3A282FA3B5004CF458 /* ButtonExtension.swift */ = {isa = PBXFileReference; lastKnownFileType = sourcecode.swift; path = ButtonExtension.swift; sourceTree = "<group>"; };
		083FDD3D282FC754004CF458 /* Network.swift */ = {isa = PBXFileReference; lastKnownFileType = sourcecode.swift; path = Network.swift; sourceTree = "<group>"; };
		0843DF87282EBA390092FFC6 /* TabbarVC.swift */ = {isa = PBXFileReference; lastKnownFileType = sourcecode.swift; path = TabbarVC.swift; sourceTree = "<group>"; };
		0843DF8D282EBB180092FFC6 /* SavedVC.swift */ = {isa = PBXFileReference; lastKnownFileType = sourcecode.swift; path = SavedVC.swift; sourceTree = "<group>"; };
		0843DF8F282EBB2B0092FFC6 /* SettingsVC.swift */ = {isa = PBXFileReference; lastKnownFileType = sourcecode.swift; path = SettingsVC.swift; sourceTree = "<group>"; };
		0843DF95282ED36C0092FFC6 /* TranslateDM.swift */ = {isa = PBXFileReference; lastKnownFileType = sourcecode.swift; path = TranslateDM.swift; sourceTree = "<group>"; };
		085D282B282F7348000EAFB0 /* RealmDM.swift */ = {isa = PBXFileReference; lastKnownFileType = sourcecode.swift; path = RealmDM.swift; sourceTree = "<group>"; };
		085D283D282F7ED4000EAFB0 /* 103989-done.json */ = {isa = PBXFileReference; fileEncoding = 4; lastKnownFileType = text.json; path = "103989-done.json"; sourceTree = "<group>"; };
		085D283F282F81BA000EAFB0 /* 87669-delete-animation.json */ = {isa = PBXFileReference; fileEncoding = 4; lastKnownFileType = text.json; path = "87669-delete-animation.json"; sourceTree = "<group>"; };
		085D2840282F81BA000EAFB0 /* delete.json */ = {isa = PBXFileReference; fileEncoding = 4; lastKnownFileType = text.json; path = delete.json; sourceTree = "<group>"; };
		085D2843282F83CD000EAFB0 /* cooming soon.json */ = {isa = PBXFileReference; fileEncoding = 4; lastKnownFileType = text.json; path = "cooming soon.json"; sourceTree = "<group>"; };
		085D2844282F83CD000EAFB0 /* 98599-settings.json */ = {isa = PBXFileReference; fileEncoding = 4; lastKnownFileType = text.json; path = "98599-settings.json"; sourceTree = "<group>"; };
		08A62D6B282EDDF5007174B6 /* TVC.swift */ = {isa = PBXFileReference; lastKnownFileType = sourcecode.swift; path = TVC.swift; sourceTree = "<group>"; };
		08CC2E77282D6D31002E163E /* google drFT.app */ = {isa = PBXFileReference; explicitFileType = wrapper.application; includeInIndex = 0; path = "google drFT.app"; sourceTree = BUILT_PRODUCTS_DIR; };
		08CC2E7A282D6D31002E163E /* AppDelegate.swift */ = {isa = PBXFileReference; lastKnownFileType = sourcecode.swift; path = AppDelegate.swift; sourceTree = "<group>"; };
		08CC2E86282D6D32002E163E /* Assets.xcassets */ = {isa = PBXFileReference; lastKnownFileType = folder.assetcatalog; path = Assets.xcassets; sourceTree = "<group>"; };
		08CC2E89282D6D32002E163E /* Base */ = {isa = PBXFileReference; lastKnownFileType = file.storyboard; name = Base; path = Base.lproj/LaunchScreen.storyboard; sourceTree = "<group>"; };
		08CC2E8B282D6D32002E163E /* Info.plist */ = {isa = PBXFileReference; lastKnownFileType = text.plist.xml; path = Info.plist; sourceTree = "<group>"; };
		08CC2E91282D7A81002E163E /* HomePage.swift */ = {isa = PBXFileReference; lastKnownFileType = sourcecode.swift; path = HomePage.swift; sourceTree = "<group>"; };
		7192A40E3E9A163FC4F3786B /* Pods_google_drFT.framework */ = {isa = PBXFileReference; explicitFileType = wrapper.framework; includeInIndex = 0; path = Pods_google_drFT.framework; sourceTree = BUILT_PRODUCTS_DIR; };
		D1F55D0B34295EFF1EF37097 /* Pods-google drFT.debug.xcconfig */ = {isa = PBXFileReference; includeInIndex = 1; lastKnownFileType = text.xcconfig; name = "Pods-google drFT.debug.xcconfig"; path = "Target Support Files/Pods-google drFT/Pods-google drFT.debug.xcconfig"; sourceTree = "<group>"; };
		D454A1D299AF2C4139C385BC /* Pods-google drFT.release.xcconfig */ = {isa = PBXFileReference; includeInIndex = 1; lastKnownFileType = text.xcconfig; name = "Pods-google drFT.release.xcconfig"; path = "Target Support Files/Pods-google drFT/Pods-google drFT.release.xcconfig"; sourceTree = "<group>"; };
/* End PBXFileReference section */

/* Begin PBXFrameworksBuildPhase section */
		08CC2E74282D6D31002E163E /* Frameworks */ = {
			isa = PBXFrameworksBuildPhase;
			buildActionMask = 2147483647;
			files = (
				702FD683F43EC4C5D7DF771C /* Pods_google_drFT.framework in Frameworks */,
			);
			runOnlyForDeploymentPostprocessing = 0;
		};
/* End PBXFrameworksBuildPhase section */

/* Begin PBXGroup section */
		083FDD39282FA29C004CF458 /* lotties */ = {
			isa = PBXGroup;
			children = (
				085D2844282F83CD000EAFB0 /* 98599-settings.json */,
				085D2843282F83CD000EAFB0 /* cooming soon.json */,
				085D283D282F7ED4000EAFB0 /* 103989-done.json */,
				085D283F282F81BA000EAFB0 /* 87669-delete-animation.json */,
				085D2840282F81BA000EAFB0 /* delete.json */,
			);
			path = lotties;
			sourceTree = "<group>";
		};
		083FDD3C282FA5AB004CF458 /* Extension */ = {
			isa = PBXGroup;
			children = (
				083FDD3A282FA3B5004CF458 /* ButtonExtension.swift */,
			);
			path = Extension;
			sourceTree = "<group>";
		};
		083FDD43282FCB84004CF458 /* Network */ = {
			isa = PBXGroup;
			children = (
				083FDD3D282FC754004CF458 /* Network.swift */,
			);
			path = Network;
			sourceTree = "<group>";
		};
		083FDD44282FCBA5004CF458 /* Controller */ = {
			isa = PBXGroup;
			children = (
				08CC2E7A282D6D31002E163E /* AppDelegate.swift */,
				0843DF87282EBA390092FFC6 /* TabbarVC.swift */,
				08CC2E91282D7A81002E163E /* HomePage.swift */,
				0843DF8D282EBB180092FFC6 /* SavedVC.swift */,
				0843DF8F282EBB2B0092FFC6 /* SettingsVC.swift */,
				083FDD45282FCBB8004CF458 /* TVC */,
			);
			path = Controller;
			sourceTree = "<group>";
		};
		083FDD45282FCBB8004CF458 /* TVC */ = {
			isa = PBXGroup;
			children = (
				08A62D6B282EDDF5007174B6 /* TVC.swift */,
			);
			path = TVC;
			sourceTree = "<group>";
		};
		083FDD46282FCBDD004CF458 /* Model */ = {
			isa = PBXGroup;
			children = (
				0843DF95282ED36C0092FFC6 /* TranslateDM.swift */,
				085D282B282F7348000EAFB0 /* RealmDM.swift */,
			);
			path = Model;
			sourceTree = "<group>";
		};
		083FDD47282FCC86004CF458 /* Helpers */ = {
			isa = PBXGroup;
			children = (
				083FDD3C282FA5AB004CF458 /* Extension */,
				083FDD43282FCB84004CF458 /* Network */,
				083FDD39282FA29C004CF458 /* lotties */,
			);
			path = Helpers;
			sourceTree = "<group>";
		};
		085CDE4A54CF2AA009EBAAA9 /* Pods */ = {
			isa = PBXGroup;
			children = (
				D1F55D0B34295EFF1EF37097 /* Pods-google drFT.debug.xcconfig */,
				D454A1D299AF2C4139C385BC /* Pods-google drFT.release.xcconfig */,
			);
			path = Pods;
			sourceTree = "<group>";
		};
		08CC2E6E282D6D31002E163E = {
			isa = PBXGroup;
			children = (
				08CC2E79282D6D31002E163E /* google drFT */,
				08CC2E78282D6D31002E163E /* Products */,
				085CDE4A54CF2AA009EBAAA9 /* Pods */,
				7C302DB3C5E9590412B8C431 /* Frameworks */,
			);
			sourceTree = "<group>";
		};
		08CC2E78282D6D31002E163E /* Products */ = {
			isa = PBXGroup;
			children = (
				08CC2E77282D6D31002E163E /* google drFT.app */,
			);
			name = Products;
			sourceTree = "<group>";
		};
		08CC2E79282D6D31002E163E /* google drFT */ = {
			isa = PBXGroup;
			children = (
				083FDD44282FCBA5004CF458 /* Controller */,
				083FDD46282FCBDD004CF458 /* Model */,
				083FDD47282FCC86004CF458 /* Helpers */,
				08CC2E86282D6D32002E163E /* Assets.xcassets */,
				08CC2E88282D6D32002E163E /* LaunchScreen.storyboard */,
				08CC2E8B282D6D32002E163E /* Info.plist */,
			);
			path = "google drFT";
			sourceTree = "<group>";
		};
		7C302DB3C5E9590412B8C431 /* Frameworks */ = {
			isa = PBXGroup;
			children = (
				7192A40E3E9A163FC4F3786B /* Pods_google_drFT.framework */,
			);
			name = Frameworks;
			sourceTree = "<group>";
		};
/* End PBXGroup section */

/* Begin PBXNativeTarget section */
		08CC2E76282D6D31002E163E /* google drFT */ = {
			isa = PBXNativeTarget;
			buildConfigurationList = 08CC2E8E282D6D32002E163E /* Build configuration list for PBXNativeTarget "google drFT" */;
			buildPhases = (
				E6CC2A4E64A210756A082399 /* [CP] Check Pods Manifest.lock */,
				08CC2E73282D6D31002E163E /* Sources */,
				08CC2E74282D6D31002E163E /* Frameworks */,
				08CC2E75282D6D31002E163E /* Resources */,
				0459D0DCA059A0453BCBF2C4 /* [CP] Embed Pods Frameworks */,
			);
			buildRules = (
			);
			dependencies = (
			);
			name = "google drFT";
			productName = "google drFT";
			productReference = 08CC2E77282D6D31002E163E /* google drFT.app */;
			productType = "com.apple.product-type.application";
		};
/* End PBXNativeTarget section */

/* Begin PBXProject section */
		08CC2E6F282D6D31002E163E /* Project object */ = {
			isa = PBXProject;
			attributes = {
				BuildIndependentTargetsInParallel = 1;
				LastSwiftUpdateCheck = 1330;
				LastUpgradeCheck = 1330;
				TargetAttributes = {
					08CC2E76282D6D31002E163E = {
						CreatedOnToolsVersion = 13.3.1;
					};
				};
			};
			buildConfigurationList = 08CC2E72282D6D31002E163E /* Build configuration list for PBXProject "google drFT" */;
			compatibilityVersion = "Xcode 13.0";
			developmentRegion = en;
			hasScannedForEncodings = 0;
			knownRegions = (
				en,
				Base,
			);
			mainGroup = 08CC2E6E282D6D31002E163E;
			productRefGroup = 08CC2E78282D6D31002E163E /* Products */;
			projectDirPath = "";
			projectRoot = "";
			targets = (
				08CC2E76282D6D31002E163E /* google drFT */,
			);
		};
/* End PBXProject section */

/* Begin PBXResourcesBuildPhase section */
		08CC2E75282D6D31002E163E /* Resources */ = {
			isa = PBXResourcesBuildPhase;
			buildActionMask = 2147483647;
			files = (
				085D2845282F83CD000EAFB0 /* cooming soon.json in Resources */,
				08CC2E8A282D6D32002E163E /* LaunchScreen.storyboard in Resources */,
				085D2841282F81BA000EAFB0 /* 87669-delete-animation.json in Resources */,
				08CC2E87282D6D32002E163E /* Assets.xcassets in Resources */,
				085D2842282F81BA000EAFB0 /* delete.json in Resources */,
				085D283E282F7ED4000EAFB0 /* 103989-done.json in Resources */,
				085D2846282F83CD000EAFB0 /* 98599-settings.json in Resources */,
			);
			runOnlyForDeploymentPostprocessing = 0;
		};
/* End PBXResourcesBuildPhase section */

/* Begin PBXShellScriptBuildPhase section */
		0459D0DCA059A0453BCBF2C4 /* [CP] Embed Pods Frameworks */ = {
			isa = PBXShellScriptBuildPhase;
			buildActionMask = 2147483647;
			files = (
			);
			inputFileListPaths = (
				"${PODS_ROOT}/Target Support Files/Pods-google drFT/Pods-google drFT-frameworks-${CONFIGURATION}-input-files.xcfilelist",
			);
			name = "[CP] Embed Pods Frameworks";
			outputFileListPaths = (
				"${PODS_ROOT}/Target Support Files/Pods-google drFT/Pods-google drFT-frameworks-${CONFIGURATION}-output-files.xcfilelist",
			);
			runOnlyForDeploymentPostprocessing = 0;
			shellPath = /bin/sh;
			shellScript = "\"${PODS_ROOT}/Target Support Files/Pods-google drFT/Pods-google drFT-frameworks.sh\"\n";
			showEnvVarsInLog = 0;
		};
		E6CC2A4E64A210756A082399 /* [CP] Check Pods Manifest.lock */ = {
			isa = PBXShellScriptBuildPhase;
			buildActionMask = 2147483647;
			files = (
			);
			inputFileListPaths = (
			);
			inputPaths = (
				"${PODS_PODFILE_DIR_PATH}/Podfile.lock",
				"${PODS_ROOT}/Manifest.lock",
			);
			name = "[CP] Check Pods Manifest.lock";
			outputFileListPaths = (
			);
			outputPaths = (
				"$(DERIVED_FILE_DIR)/Pods-google drFT-checkManifestLockResult.txt",
			);
			runOnlyForDeploymentPostprocessing = 0;
			shellPath = /bin/sh;
			shellScript = "diff \"${PODS_PODFILE_DIR_PATH}/Podfile.lock\" \"${PODS_ROOT}/Manifest.lock\" > /dev/null\nif [ $? != 0 ] ; then\n    # print error to STDERR\n    echo \"error: The sandbox is not in sync with the Podfile.lock. Run 'pod install' or update your CocoaPods installation.\" >&2\n    exit 1\nfi\n# This output is used by Xcode 'outputs' to avoid re-running this script phase.\necho \"SUCCESS\" > \"${SCRIPT_OUTPUT_FILE_0}\"\n";
			showEnvVarsInLog = 0;
		};
/* End PBXShellScriptBuildPhase section */

/* Begin PBXSourcesBuildPhase section */
		08CC2E73282D6D31002E163E /* Sources */ = {
			isa = PBXSourcesBuildPhase;
			buildActionMask = 2147483647;
			files = (
				083FDD3E282FC754004CF458 /* Network.swift in Sources */,
				0843DF8E282EBB180092FFC6 /* SavedVC.swift in Sources */,
				08A62D6C282EDDF5007174B6 /* TVC.swift in Sources */,
				085D282C282F7348000EAFB0 /* RealmDM.swift in Sources */,
				08CC2E92282D7A81002E163E /* HomePage.swift in Sources */,
				0843DF88282EBA390092FFC6 /* TabbarVC.swift in Sources */,
				08CC2E7B282D6D31002E163E /* AppDelegate.swift in Sources */,
				0843DF90282EBB2B0092FFC6 /* SettingsVC.swift in Sources */,
				083FDD3B282FA3B5004CF458 /* ButtonExtension.swift in Sources */,
				0843DF96282ED36C0092FFC6 /* TranslateDM.swift in Sources */,
			);
			runOnlyForDeploymentPostprocessing = 0;
		};
/* End PBXSourcesBuildPhase section */

/* Begin PBXVariantGroup section */
		08CC2E88282D6D32002E163E /* LaunchScreen.storyboard */ = {
			isa = PBXVariantGroup;
			children = (
				08CC2E89282D6D32002E163E /* Base */,
			);
			name = LaunchScreen.storyboard;
			sourceTree = "<group>";
		};
/* End PBXVariantGroup section */

/* Begin XCBuildConfiguration section */
		08CC2E8C282D6D32002E163E /* Debug */ = {
			isa = XCBuildConfiguration;
			buildSettings = {
				ALWAYS_SEARCH_USER_PATHS = NO;
				CLANG_ANALYZER_NONNULL = YES;
				CLANG_ANALYZER_NUMBER_OBJECT_CONVERSION = YES_AGGRESSIVE;
				CLANG_CXX_LANGUAGE_STANDARD = "gnu++17";
				CLANG_ENABLE_MODULES = YES;
				CLANG_ENABLE_OBJC_ARC = YES;
				CLANG_ENABLE_OBJC_WEAK = YES;
				CLANG_WARN_BLOCK_CAPTURE_AUTORELEASING = YES;
				CLANG_WARN_BOOL_CONVERSION = YES;
				CLANG_WARN_COMMA = YES;
				CLANG_WARN_CONSTANT_CONVERSION = YES;
				CLANG_WARN_DEPRECATED_OBJC_IMPLEMENTATIONS = YES;
				CLANG_WARN_DIRECT_OBJC_ISA_USAGE = YES_ERROR;
				CLANG_WARN_DOCUMENTATION_COMMENTS = YES;
				CLANG_WARN_EMPTY_BODY = YES;
				CLANG_WARN_ENUM_CONVERSION = YES;
				CLANG_WARN_INFINITE_RECURSION = YES;
				CLANG_WARN_INT_CONVERSION = YES;
				CLANG_WARN_NON_LITERAL_NULL_CONVERSION = YES;
				CLANG_WARN_OBJC_IMPLICIT_RETAIN_SELF = YES;
				CLANG_WARN_OBJC_LITERAL_CONVERSION = YES;
				CLANG_WARN_OBJC_ROOT_CLASS = YES_ERROR;
				CLANG_WARN_QUOTED_INCLUDE_IN_FRAMEWORK_HEADER = YES;
				CLANG_WARN_RANGE_LOOP_ANALYSIS = YES;
				CLANG_WARN_STRICT_PROTOTYPES = YES;
				CLANG_WARN_SUSPICIOUS_MOVE = YES;
				CLANG_WARN_UNGUARDED_AVAILABILITY = YES_AGGRESSIVE;
				CLANG_WARN_UNREACHABLE_CODE = YES;
				CLANG_WARN__DUPLICATE_METHOD_MATCH = YES;
				COPY_PHASE_STRIP = NO;
				DEBUG_INFORMATION_FORMAT = dwarf;
				ENABLE_STRICT_OBJC_MSGSEND = YES;
				ENABLE_TESTABILITY = YES;
				GCC_C_LANGUAGE_STANDARD = gnu11;
				GCC_DYNAMIC_NO_PIC = NO;
				GCC_NO_COMMON_BLOCKS = YES;
				GCC_OPTIMIZATION_LEVEL = 0;
				GCC_PREPROCESSOR_DEFINITIONS = (
					"DEBUG=1",
					"$(inherited)",
				);
				GCC_WARN_64_TO_32_BIT_CONVERSION = YES;
				GCC_WARN_ABOUT_RETURN_TYPE = YES_ERROR;
				GCC_WARN_UNDECLARED_SELECTOR = YES;
				GCC_WARN_UNINITIALIZED_AUTOS = YES_AGGRESSIVE;
				GCC_WARN_UNUSED_FUNCTION = YES;
				GCC_WARN_UNUSED_VARIABLE = YES;
				IPHONEOS_DEPLOYMENT_TARGET = 15.4;
				MTL_ENABLE_DEBUG_INFO = INCLUDE_SOURCE;
				MTL_FAST_MATH = YES;
				ONLY_ACTIVE_ARCH = YES;
				SDKROOT = iphoneos;
				SWIFT_ACTIVE_COMPILATION_CONDITIONS = DEBUG;
				SWIFT_OPTIMIZATION_LEVEL = "-Onone";
			};
			name = Debug;
		};
		08CC2E8D282D6D32002E163E /* Release */ = {
			isa = XCBuildConfiguration;
			buildSettings = {
				ALWAYS_SEARCH_USER_PATHS = NO;
				CLANG_ANALYZER_NONNULL = YES;
				CLANG_ANALYZER_NUMBER_OBJECT_CONVERSION = YES_AGGRESSIVE;
				CLANG_CXX_LANGUAGE_STANDARD = "gnu++17";
				CLANG_ENABLE_MODULES = YES;
				CLANG_ENABLE_OBJC_ARC = YES;
				CLANG_ENABLE_OBJC_WEAK = YES;
				CLANG_WARN_BLOCK_CAPTURE_AUTORELEASING = YES;
				CLANG_WARN_BOOL_CONVERSION = YES;
				CLANG_WARN_COMMA = YES;
				CLANG_WARN_CONSTANT_CONVERSION = YES;
				CLANG_WARN_DEPRECATED_OBJC_IMPLEMENTATIONS = YES;
				CLANG_WARN_DIRECT_OBJC_ISA_USAGE = YES_ERROR;
				CLANG_WARN_DOCUMENTATION_COMMENTS = YES;
				CLANG_WARN_EMPTY_BODY = YES;
				CLANG_WARN_ENUM_CONVERSION = YES;
				CLANG_WARN_INFINITE_RECURSION = YES;
				CLANG_WARN_INT_CONVERSION = YES;
				CLANG_WARN_NON_LITERAL_NULL_CONVERSION = YES;
				CLANG_WARN_OBJC_IMPLICIT_RETAIN_SELF = YES;
				CLANG_WARN_OBJC_LITERAL_CONVERSION = YES;
				CLANG_WARN_OBJC_ROOT_CLASS = YES_ERROR;
				CLANG_WARN_QUOTED_INCLUDE_IN_FRAMEWORK_HEADER = YES;
				CLANG_WARN_RANGE_LOOP_ANALYSIS = YES;
				CLANG_WARN_STRICT_PROTOTYPES = YES;
				CLANG_WARN_SUSPICIOUS_MOVE = YES;
				CLANG_WARN_UNGUARDED_AVAILABILITY = YES_AGGRESSIVE;
				CLANG_WARN_UNREACHABLE_CODE = YES;
				CLANG_WARN__DUPLICATE_METHOD_MATCH = YES;
				COPY_PHASE_STRIP = NO;
				DEBUG_INFORMATION_FORMAT = "dwarf-with-dsym";
				ENABLE_NS_ASSERTIONS = NO;
				ENABLE_STRICT_OBJC_MSGSEND = YES;
				GCC_C_LANGUAGE_STANDARD = gnu11;
				GCC_NO_COMMON_BLOCKS = YES;
				GCC_WARN_64_TO_32_BIT_CONVERSION = YES;
				GCC_WARN_ABOUT_RETURN_TYPE = YES_ERROR;
				GCC_WARN_UNDECLARED_SELECTOR = YES;
				GCC_WARN_UNINITIALIZED_AUTOS = YES_AGGRESSIVE;
				GCC_WARN_UNUSED_FUNCTION = YES;
				GCC_WARN_UNUSED_VARIABLE = YES;
				IPHONEOS_DEPLOYMENT_TARGET = 15.4;
				MTL_ENABLE_DEBUG_INFO = NO;
				MTL_FAST_MATH = YES;
				SDKROOT = iphoneos;
				SWIFT_COMPILATION_MODE = wholemodule;
				SWIFT_OPTIMIZATION_LEVEL = "-O";
				VALIDATE_PRODUCT = YES;
			};
			name = Release;
		};
		08CC2E8F282D6D32002E163E /* Debug */ = {
			isa = XCBuildConfiguration;
			baseConfigurationReference = D1F55D0B34295EFF1EF37097 /* Pods-google drFT.debug.xcconfig */;
			buildSettings = {
				ASSETCATALOG_COMPILER_APPICON_NAME = AppIcon;
				ASSETCATALOG_COMPILER_GLOBAL_ACCENT_COLOR_NAME = AccentColor;
				CODE_SIGN_STYLE = Automatic;
				CURRENT_PROJECT_VERSION = 1;
				DEVELOPMENT_TEAM = 76T84C67GW;
				GENERATE_INFOPLIST_FILE = YES;
				INFOPLIST_FILE = "google drFT/Info.plist";
				INFOPLIST_KEY_CFBundleDisplayName = "Google Translate";
				INFOPLIST_KEY_UIApplicationSupportsIndirectInputEvents = YES;
				INFOPLIST_KEY_UILaunchStoryboardName = LaunchScreen;
				INFOPLIST_KEY_UISupportedInterfaceOrientations_iPad = "UIInterfaceOrientationPortrait UIInterfaceOrientationPortraitUpsideDown UIInterfaceOrientationLandscapeLeft UIInterfaceOrientationLandscapeRight";
				INFOPLIST_KEY_UISupportedInterfaceOrientations_iPhone = "UIInterfaceOrientationPortrait UIInterfaceOrientationLandscapeLeft UIInterfaceOrientationLandscapeRight";
				LD_RUNPATH_SEARCH_PATHS = (
					"$(inherited)",
					"@executable_path/Frameworks",
				);
				MARKETING_VERSION = 1.0;
				PRODUCT_BUNDLE_IDENTIFIER = "qwer.google-drFT";
				PRODUCT_NAME = "$(TARGET_NAME)";
				SWIFT_EMIT_LOC_STRINGS = YES;
				SWIFT_VERSION = 5.0;
				TARGETED_DEVICE_FAMILY = "1,2";
			};
			name = Debug;
		};
		08CC2E90282D6D32002E163E /* Release */ = {
			isa = XCBuildConfiguration;
			baseConfigurationReference = D454A1D299AF2C4139C385BC /* Pods-google drFT.release.xcconfig */;
			buildSettings = {
				ASSETCATALOG_COMPILER_APPICON_NAME = AppIcon;
				ASSETCATALOG_COMPILER_GLOBAL_ACCENT_COLOR_NAME = AccentColor;
				CODE_SIGN_STYLE = Automatic;
				CURRENT_PROJECT_VERSION = 1;
				DEVELOPMENT_TEAM = 76T84C67GW;
				GENERATE_INFOPLIST_FILE = YES;
				INFOPLIST_FILE = "google drFT/Info.plist";
				INFOPLIST_KEY_CFBundleDisplayName = "Google Translate";
				INFOPLIST_KEY_UIApplicationSupportsIndirectInputEvents = YES;
				INFOPLIST_KEY_UILaunchStoryboardName = LaunchScreen;
				INFOPLIST_KEY_UISupportedInterfaceOrientations_iPad = "UIInterfaceOrientationPortrait UIInterfaceOrientationPortraitUpsideDown UIInterfaceOrientationLandscapeLeft UIInterfaceOrientationLandscapeRight";
				INFOPLIST_KEY_UISupportedInterfaceOrientations_iPhone = "UIInterfaceOrientationPortrait UIInterfaceOrientationLandscapeLeft UIInterfaceOrientationLandscapeRight";
				LD_RUNPATH_SEARCH_PATHS = (
					"$(inherited)",
					"@executable_path/Frameworks",
				);
				MARKETING_VERSION = 1.0;
				PRODUCT_BUNDLE_IDENTIFIER = "qwer.google-drFT";
				PRODUCT_NAME = "$(TARGET_NAME)";
				SWIFT_EMIT_LOC_STRINGS = YES;
				SWIFT_VERSION = 5.0;
				TARGETED_DEVICE_FAMILY = "1,2";
			};
			name = Release;
		};
/* End XCBuildConfiguration section */

/* Begin XCConfigurationList section */
		08CC2E72282D6D31002E163E /* Build configuration list for PBXProject "google drFT" */ = {
			isa = XCConfigurationList;
			buildConfigurations = (
				08CC2E8C282D6D32002E163E /* Debug */,
				08CC2E8D282D6D32002E163E /* Release */,
			);
			defaultConfigurationIsVisible = 0;
			defaultConfigurationName = Release;
		};
		08CC2E8E282D6D32002E163E /* Build configuration list for PBXNativeTarget "google drFT" */ = {
			isa = XCConfigurationList;
			buildConfigurations = (
				08CC2E8F282D6D32002E163E /* Debug */,
				08CC2E90282D6D32002E163E /* Release */,
			);
			defaultConfigurationIsVisible = 0;
			defaultConfigurationName = Release;
		};
/* End XCConfigurationList section */
	};
	rootObject = 08CC2E6F282D6D31002E163E /* Project object */;
}
